
Microsoft Visual Studio Solution File, Format Version 12.00
# Visual Studio Version 17
VisualStudioVersion = 17.0.31903.59
MinimumVisualStudioVersion = 10.0.40219.1
Project("{2150E333-8FDC-42A3-9474-1A3956D46DE8}") = "src", "src", "{827E0CD3-B72D-47B6-A68D-7590B98EB39B}"
EndProject
Project("{FAE04EC0-301F-11D3-BF4B-00C04F79EFBC}") = "AiSupportWorkflow.Domain", "src\AiSupportWorkflow.Domain\AiSupportWorkflow.Domain.csproj", "{5D8F51E5-B6A6-4611-A7F8-76991462BE3B}"
EndProject
Project("{FAE04EC0-301F-11D3-BF4B-00C04F79EFBC}") = "AiSupportWorkflow.Application", "src\AiSupportWorkflow.Application\AiSupportWorkflow.Application.csproj", "{93B3CDFA-0A38-4437-AA4C-0A348C2D17A6}"
EndProject
Project("{FAE04EC0-301F-11D3-BF4B-00C04F79EFBC}") = "AiSupportWorkflow.Infrastructure", "src\AiSupportWorkflow.Infrastructure\AiSupportWorkflow.Infrastructure.csproj", "{6310004F-9B55-4F18-B68F-A59B79AB4180}"
EndProject
Project("{FAE04EC0-301F-11D3-BF4B-00C04F79EFBC}") = "AiSupportWorkflow.Presentation", "src\AiSupportWorkflow.Presentation\AiSupportWorkflow.Presentation.csproj", "{F8A86B09-FD36-4280-B254-211DB02EF520}"
EndProject
Project("{2150E333-8FDC-42A3-9474-1A3956D46DE8}") = "tests", "tests", "{0AB3BF05-4346-4AA6-1389-037BE0695223}"
EndProject
Project("{FAE04EC0-301F-11D3-BF4B-00C04F79EFBC}") = "AiSupportWorkflow.UnitTests", "tests\AiSupportWorkflow.UnitTests\AiSupportWorkflow.UnitTests.csproj", "{2ABFF397-ECF8-47F0-835B-F2F17189185C}"
EndProject
Project("{FAE04EC0-301F-11D3-BF4B-00C04F79EFBC}") = "AiSupportWorkflow.PropertyTests", "tests\AiSupportWorkflow.PropertyTests\AiSupportWorkflow.PropertyTests.csproj", "{3B119925-FF52-4D14-A0A9-CE170CF39A33}"
EndProject
Global
	GlobalSection(SolutionConfigurationPlatforms) = preSolution
		Debug|Any CPU = Debug|Any CPU
		Debug|x64 = Debug|x64
		Debug|x86 = Debug|x86
		Release|Any CPU = Release|Any CPU
		Release|x64 = Release|x64
		Release|x86 = Release|x86
	EndGlobalSection
	GlobalSection(ProjectConfigurationPlatforms) = postSolution
		{5D8F51E5-B6A6-4611-A7F8-76991462BE3B}.Debug|Any CPU.ActiveCfg = Debug|Any CPU
		{5D8F51E5-B6A6-4611-A7F8-76991462BE3B}.Debug|Any CPU.Build.0 = Debug|Any CPU
		{5D8F51E5-B6A6-4611-A7F8-76991462BE3B}.Debug|x64.ActiveCfg = Debug|Any CPU
		{5D8F51E5-B6A6-4611-A7F8-76991462BE3B}.Debug|x64.Build.0 = Debug|Any CPU
		{5D8F51E5-B6A6-4611-A7F8-76991462BE3B}.Debug|x86.ActiveCfg = Debug|Any CPU
		{5D8F51E5-B6A6-4611-A7F8-76991462BE3B}.Debug|x86.Build.0 = Debug|Any CPU
		{5D8F51E5-B6A6-4611-A7F8-76991462BE3B}.Release|Any CPU.ActiveCfg = Release|Any CPU
		{5D8F51E5-B6A6-4611-A7F8-76991462BE3B}.Release|Any CPU.Build.0 = Release|Any CPU
		{5D8F51E5-B6A6-4611-A7F8-76991462BE3B}.Release|x64.ActiveCfg = Release|Any CPU
		{5D8F51E5-B6A6-4611-A7F8-76991462BE3B}.Release|x64.Build.0 = Release|Any CPU
		{5D8F51E5-B6A6-4611-A7F8-76991462BE3B}.Release|x86.ActiveCfg = Release|Any CPU
		{5D8F51E5-B6A6-4611-A7F8-76991462BE3B}.Release|x86.Build.0 = Release|Any CPU
		{93B3CDFA-0A38-4437-AA4C-0A348C2D17A6}.Debug|Any CPU.ActiveCfg = Debug|Any CPU
		{93B3CDFA-0A38-4437-AA4C-0A348C2D17A6}.Debug|Any CPU.Build.0 = Debug|Any CPU
		{93B3CDFA-0A38-4437-AA4C-0A348C2D17A6}.Debug|x64.ActiveCfg = Debug|Any CPU
		{93B3CDFA-0A38-4437-AA4C-0A348C2D17A6}.Debug|x64.Build.0 = Debug|Any CPU
		{93B3CDFA-0A38-4437-AA4C-0A348C2D17A6}.Debug|x86.ActiveCfg = Debug|Any CPU
		{93B3CDFA-0A38-4437-AA4C-0A348C2D17A6}.Debug|x86.Build.0 = Debug|Any CPU
		{93B3CDFA-0A38-4437-AA4C-0A348C2D17A6}.Release|Any CPU.ActiveCfg = Release|Any CPU
		{93B3CDFA-0A38-4437-AA4C-0A348C2D17A6}.Release|Any CPU.Build.0 = Release|Any CPU
		{93B3CDFA-0A38-4437-AA4C-0A348C2D17A6}.Release|x64.ActiveCfg = Release|Any CPU
		{93B3CDFA-0A38-4437-AA4C-0A348C2D17A6}.Release|x64.Build.0 = Release|Any CPU
		{93B3CDFA-0A38-4437-AA4C-0A348C2D17A6}.Release|x86.ActiveCfg = Release|Any CPU
		{93B3CDFA-0A38-4437-AA4C-0A348C2D17A6}.Release|x86.Build.0 = Release|Any CPU
		{6310004F-9B55-4F18-B68F-A59B79AB4180}.Debug|Any CPU.ActiveCfg = Debug|Any CPU
		{6310004F-9B55-4F18-B68F-A59B79AB4180}.Debug|Any CPU.Build.0 = Debug|Any CPU
		{6310004F-9B55-4F18-B68F-A59B79AB4180}.Debug|x64.ActiveCfg = Debug|Any CPU
		{6310004F-9B55-4F18-B68F-A59B79AB4180}.Debug|x64.Build.0 = Debug|Any CPU
		{6310004F-9B55-4F18-B68F-A59B79AB4180}.Debug|x86.ActiveCfg = Debug|Any CPU
		{6310004F-9B55-4F18-B68F-A59B79AB4180}.Debug|x86.Build.0 = Debug|Any CPU
		{6310004F-9B55-4F18-B68F-A59B79AB4180}.Release|Any CPU.ActiveCfg = Release|Any CPU
		{6310004F-9B55-4F18-B68F-A59B79AB4180}.Release|Any CPU.Build.0 = Release|Any CPU
		{6310004F-9B55-4F18-B68F-A59B79AB4180}.Release|x64.ActiveCfg = Release|Any CPU
		{6310004F-9B55-4F18-B68F-A59B79AB4180}.Release|x64.Build.0 = Release|Any CPU
		{6310004F-9B55-4F18-B68F-A59B79AB4180}.Release|x86.ActiveCfg = Release|Any CPU
		{6310004F-9B55-4F18-B68F-A59B79AB4180}.Release|x86.Build.0 = Release|Any CPU
		{F8A86B09-FD36-4280-B254-211DB02EF520}.Debug|Any CPU.ActiveCfg = Debug|Any CPU
		{F8A86B09-FD36-4280-B254-211DB02EF520}.Debug|Any CPU.Build.0 = Debug|Any CPU
		{F8A86B09-FD36-4280-B254-211DB02EF520}.Debug|x64.ActiveCfg = Debug|Any CPU
		{F8A86B09-FD36-4280-B254-211DB02EF520}.Debug|x64.Build.0 = Debug|Any CPU
		{F8A86B09-FD36-4280-B254-211DB02EF520}.Debug|x86.ActiveCfg = Debug|Any CPU
		{F8A86B09-FD36-4280-B254-211DB02EF520}.Debug|x86.Build.0 = Debug|Any CPU
		{F8A86B09-FD36-4280-B254-211DB02EF520}.Release|Any CPU.ActiveCfg = Release|Any CPU
		{F8A86B09-FD36-4280-B254-211DB02EF520}.Release|Any CPU.Build.0 = Release|Any CPU
		{F8A86B09-FD36-4280-B254-211DB02EF520}.Release|x64.ActiveCfg = Release|Any CPU
		{F8A86B09-FD36-4280-B254-211DB02EF520}.Release|x64.Build.0 = Release|Any CPU
		{F8A86B09-FD36-4280-B254-211DB02EF520}.Release|x86.ActiveCfg = Release|Any CPU
		{F8A86B09-FD36-4280-B254-211DB02EF520}.Release|x86.Build.0 = Release|Any CPU
		{2ABFF397-ECF8-47F0-835B-F2F17189185C}.Debug|Any CPU.ActiveCfg = Debug|Any CPU
		{2ABFF397-ECF8-47F0-835B-F2F17189185C}.Debug|Any CPU.Build.0 = Debug|Any CPU
		{2ABFF397-ECF8-47F0-835B-F2F17189185C}.Debug|x64.ActiveCfg = Debug|Any CPU
		{2ABFF397-ECF8-47F0-835B-F2F17189185C}.Debug|x64.Build.0 = Debug|Any CPU
		{2ABFF397-ECF8-47F0-835B-F2F17189185C}.Debug|x86.ActiveCfg = Debug|Any CPU
		{2ABFF397-ECF8-47F0-835B-F2F17189185C}.Debug|x86.Build.0 = Debug|Any CPU
		{2ABFF397-ECF8-47F0-835B-F2F17189185C}.Release|Any CPU.ActiveCfg = Release|Any CPU
		{2ABFF397-ECF8-47F0-835B-F2F17189185C}.Release|Any CPU.Build.0 = Release|Any CPU
		{2ABFF397-ECF8-47F0-835B-F2F17189185C}.Release|x64.ActiveCfg = Release|Any CPU
		{2ABFF397-ECF8-47F0-835B-F2F17189185C}.Release|x64.Build.0 = Release|Any CPU
		{2ABFF397-ECF8-47F0-835B-F2F17189185C}.Release|x86.ActiveCfg = Release|Any CPU
		{2ABFF397-ECF8-47F0-835B-F2F17189185C}.Release|x86.Build.0 = Release|Any CPU
		{3B119925-FF52-4D14-A0A9-CE170CF39A33}.Debug|Any CPU.ActiveCfg = Debug|Any CPU
		{3B119925-FF52-4D14-A0A9-CE170CF39A33}.Debug|Any CPU.Build.0 = Debug|Any CPU
		{3B119925-FF52-4D14-A0A9-CE170CF39A33}.Debug|x64.ActiveCfg = Debug|Any CPU
		{3B119925-FF52-4D14-A0A9-CE170CF39A33}.Debug|x64.Build.0 = Debug|Any CPU
		{3B119925-FF52-4D14-A0A9-CE170CF39A33}.Debug|x86.ActiveCfg = Debug|Any CPU
		{3B119925-FF52-4D14-A0A9-CE170CF39A33}.Debug|x86.Build.0 = Debug|Any CPU
		{3B119925-FF52-4D14-A0A9-CE170CF39A33}.Release|Any CPU.ActiveCfg = Release|Any CPU
		{3B119925-FF52-4D14-A0A9-CE170CF39A33}.Release|Any CPU.Build.0 = Release|Any CPU
		{3B119925-FF52-4D14-A0A9-CE170CF39A33}.Release|x64.ActiveCfg = Release|Any CPU
		{3B119925-FF52-4D14-A0A9-CE170CF39A33}.Release|x64.Build.0 = Release|Any CPU
		{3B119925-FF52-4D14-A0A9-CE170CF39A33}.Release|x86.ActiveCfg = Release|Any CPU
		{3B119925-FF52-4D14-A0A9-CE170CF39A33}.Release|x86.Build.0 = Release|Any CPU
	EndGlobalSection
	GlobalSection(SolutionProperties) = preSolution
		HideSolutionNode = FALSE
	EndGlobalSection
	GlobalSection(NestedProjects) = preSolution
		{5D8F51E5-B6A6-4611-A7F8-76991462BE3B} = {827E0CD3-B72D-47B6-A68D-7590B98EB39B}
		{93B3CDFA-0A38-4437-AA4C-0A348C2D17A6} = {827E0CD3-B72D-47B6-A68D-7590B98EB39B}
		{6310004F-9B55-4F18-B68F-A59B79AB4180} = {827E0CD3-B72D-47B6-A68D-7590B98EB39B}
		{F8A86B09-FD36-4280-B254-211DB02EF520} = {827E0CD3-B72D-47B6-A68D-7590B98EB39B}
		{2ABFF397-ECF8-47F0-835B-F2F17189185C} = {0AB3BF05-4346-4AA6-1389-037BE0695223}
		{3B119925-FF52-4D14-A0A9-CE170CF39A33} = {0AB3BF05-4346-4AA6-1389-037BE0695223}
	EndGlobalSection
EndGlobal
